
Microsoft Visual Studio Solution File, Format Version 12.00
# Visual Studio 2012
Project("{FAE04EC0-301F-11D3-BF4B-00C04F79EFBC}") = "MvcApplication2", "MvcApplication2\MvcApplication2.csproj", "{EC051E8C-C26A-4B65-8C6F-6A90D28C4181}"
EndProject
Global
	GlobalSection(SolutionConfigurationPlatforms) = preSolution
		Debug|Any CPU = Debug|Any CPU
		Release|Any CPU = Release|Any CPU
	EndGlobalSection
	GlobalSection(ProjectConfigurationPlatforms) = postSolution
		{EC051E8C-C26A-4B65-8C6F-6A90D28C4181}.Debug|Any CPU.ActiveCfg = Debug|Any CPU
		{EC051E8C-C26A-4B65-8C6F-6A90D28C4181}.Debug|Any CPU.Build.0 = Debug|Any CPU
		{EC051E8C-C26A-4B65-8C6F-6A90D28C4181}.Release|Any CPU.ActiveCfg = Release|Any CPU
		{EC051E8C-C26A-4B65-8C6F-6A90D28C4181}.Release|Any CPU.Build.0 = Release|Any CPU
	EndGlobalSection
	GlobalSection(SolutionProperties) = preSolution
		HideSolutionNode = FALSE
	EndGlobalSection
EndGlobal
